
Microsoft Visual Studio Solution File, Format Version 12.00
# Visual Studio Version 17
VisualStudioVersion = 17.8.34330.188
MinimumVisualStudioVersion = 10.0.40219.1
Project("{FAE04EC0-301F-11D3-BF4B-00C04F79EFBC}") = "GA_ConsoleReadLine_Jake", "GA_ConsoleReadLine_Jake.csproj", "{6DDCBD04-0203-4BF1-96D4-0956632ECAAA}"
EndProject
Global
	GlobalSection(SolutionConfigurationPlatforms) = preSolution
		Debug|Any CPU = Debug|Any CPU
		Release|Any CPU = Release|Any CPU
	EndGlobalSection
	GlobalSection(ProjectConfigurationPlatforms) = postSolution
		{6DDCBD04-0203-4BF1-96D4-0956632ECAAA}.Debug|Any CPU.ActiveCfg = Debug|Any CPU
		{6DDCBD04-0203-4BF1-96D4-0956632ECAAA}.Debug|Any CPU.Build.0 = Debug|Any CPU
		{6DDCBD04-0203-4BF1-96D4-0956632ECAAA}.Release|Any CPU.ActiveCfg = Release|Any CPU
		{6DDCBD04-0203-4BF1-96D4-0956632ECAAA}.Release|Any CPU.Build.0 = Release|Any CPU
	EndGlobalSection
	GlobalSection(SolutionProperties) = preSolution
		HideSolutionNode = FALSE
	EndGlobalSection
	GlobalSection(ExtensibilityGlobals) = postSolution
		SolutionGuid = {AF310ED9-49B7-414B-B30F-BFC1FE33F4F9}
	EndGlobalSection
EndGlobal
