
Microsoft Visual Studio Solution File, Format Version 12.00
# Visual Studio Version 17
VisualStudioVersion = 17.8.34330.188
MinimumVisualStudioVersion = 10.0.40219.1
Project("{FAE04EC0-301F-11D3-BF4B-00C04F79EFBC}") = "GAWriteLineJake", "GAWriteLineJake.csproj", "{9D7EA9D3-2A9A-4050-8F41-FDC459F1BD13}"
EndProject
Global
	GlobalSection(SolutionConfigurationPlatforms) = preSolution
		Debug|Any CPU = Debug|Any CPU
		Release|Any CPU = Release|Any CPU
	EndGlobalSection
	GlobalSection(ProjectConfigurationPlatforms) = postSolution
		{9D7EA9D3-2A9A-4050-8F41-FDC459F1BD13}.Debug|Any CPU.ActiveCfg = Debug|Any CPU
		{9D7EA9D3-2A9A-4050-8F41-FDC459F1BD13}.Debug|Any CPU.Build.0 = Debug|Any CPU
		{9D7EA9D3-2A9A-4050-8F41-FDC459F1BD13}.Release|Any CPU.ActiveCfg = Release|Any CPU
		{9D7EA9D3-2A9A-4050-8F41-FDC459F1BD13}.Release|Any CPU.Build.0 = Release|Any CPU
	EndGlobalSection
	GlobalSection(SolutionProperties) = preSolution
		HideSolutionNode = FALSE
	EndGlobalSection
	GlobalSection(ExtensibilityGlobals) = postSolution
		SolutionGuid = {F9BD9C78-BFB9-468B-84B8-309CE0B1958D}
	EndGlobalSection
EndGlobal
