
Microsoft Visual Studio Solution File, Format Version 12.00
# Visual Studio Version 17
VisualStudioVersion = 17.8.34511.84
MinimumVisualStudioVersion = 10.0.40219.1
Project("{FAE04EC0-301F-11D3-BF4B-00C04F79EFBC}") = "GA_StringParsing_JakeSadler", "GA_StringParsing_JakeSadler.csproj", "{454758FF-0123-48D5-9207-817EF7ACBAE7}"
EndProject
Global
	GlobalSection(SolutionConfigurationPlatforms) = preSolution
		Debug|Any CPU = Debug|Any CPU
		Release|Any CPU = Release|Any CPU
	EndGlobalSection
	GlobalSection(ProjectConfigurationPlatforms) = postSolution
		{454758FF-0123-48D5-9207-817EF7ACBAE7}.Debug|Any CPU.ActiveCfg = Debug|Any CPU
		{454758FF-0123-48D5-9207-817EF7ACBAE7}.Debug|Any CPU.Build.0 = Debug|Any CPU
		{454758FF-0123-48D5-9207-817EF7ACBAE7}.Release|Any CPU.ActiveCfg = Release|Any CPU
		{454758FF-0123-48D5-9207-817EF7ACBAE7}.Release|Any CPU.Build.0 = Release|Any CPU
	EndGlobalSection
	GlobalSection(SolutionProperties) = preSolution
		HideSolutionNode = FALSE
	EndGlobalSection
	GlobalSection(ExtensibilityGlobals) = postSolution
		SolutionGuid = {20D15EEA-7F97-4E1F-AA11-28D4DB567B34}
	EndGlobalSection
EndGlobal
